
Microsoft Visual Studio Solution File, Format Version 12.00
# Visual Studio Version 17
VisualStudioVersion = 17.2.32505.173
MinimumVisualStudioVersion = 10.0.40219.1
Project("{FAE04EC0-301F-11D3-BF4B-00C04F79EFBC}") = "RadioButton", "RadioButton\RadioButton.csproj", "{EC6CD339-EF96-4577-B258-CEB3EF52B63A}"
EndProject
Global
	GlobalSection(SolutionConfigurationPlatforms) = preSolution
		Debug|Any CPU = Debug|Any CPU
		Release|Any CPU = Release|Any CPU
	EndGlobalSection
	GlobalSection(ProjectConfigurationPlatforms) = postSolution
		{EC6CD339-EF96-4577-B258-CEB3EF52B63A}.Debug|Any CPU.ActiveCfg = Debug|Any CPU
		{EC6CD339-EF96-4577-B258-CEB3EF52B63A}.Debug|Any CPU.Build.0 = Debug|Any CPU
		{EC6CD339-EF96-4577-B258-CEB3EF52B63A}.Release|Any CPU.ActiveCfg = Release|Any CPU
		{EC6CD339-EF96-4577-B258-CEB3EF52B63A}.Release|Any CPU.Build.0 = Release|Any CPU
	EndGlobalSection
	GlobalSection(SolutionProperties) = preSolution
		HideSolutionNode = FALSE
	EndGlobalSection
	GlobalSection(ExtensibilityGlobals) = postSolution
		SolutionGuid = {98698D4D-7889-49F6-821E-ABA6EC944212}
	EndGlobalSection
EndGlobal
