
Microsoft Visual Studio Solution File, Format Version 12.00
# Visual Studio Version 17
VisualStudioVersion = 17.2.32505.173
MinimumVisualStudioVersion = 10.0.40219.1
Project("{FAE04EC0-301F-11D3-BF4B-00C04F79EFBC}") = "ExpresionesRegulares", "ExpresionesRegulares\ExpresionesRegulares.csproj", "{5AAF590C-5B97-4BC6-B10F-A8EEDD436896}"
EndProject
Global
	GlobalSection(SolutionConfigurationPlatforms) = preSolution
		Debug|Any CPU = Debug|Any CPU
		Release|Any CPU = Release|Any CPU
	EndGlobalSection
	GlobalSection(ProjectConfigurationPlatforms) = postSolution
		{5AAF590C-5B97-4BC6-B10F-A8EEDD436896}.Debug|Any CPU.ActiveCfg = Debug|Any CPU
		{5AAF590C-5B97-4BC6-B10F-A8EEDD436896}.Debug|Any CPU.Build.0 = Debug|Any CPU
		{5AAF590C-5B97-4BC6-B10F-A8EEDD436896}.Release|Any CPU.ActiveCfg = Release|Any CPU
		{5AAF590C-5B97-4BC6-B10F-A8EEDD436896}.Release|Any CPU.Build.0 = Release|Any CPU
	EndGlobalSection
	GlobalSection(SolutionProperties) = preSolution
		HideSolutionNode = FALSE
	EndGlobalSection
	GlobalSection(ExtensibilityGlobals) = postSolution
		SolutionGuid = {54871D41-5024-4D39-80F5-131AAAAE7033}
	EndGlobalSection
EndGlobal
